{
  "name": "single-spa-self",
  "version": "1.0.0",
  "lockfileVersion": 2,
  "requires": true,
  "packages": {
    "": {
      "version": "1.0.0",
      "license": "ISC",
      "dependencies": {
        "http-server": "^0.12.3"
      }
    },
    "node_modules/async": {
      "version": "2.6.3",
      "resolved": "http://bnpm.byted.org/async/-/async-2.6.3.tgz",
      "integrity": "sha1-1yYl4jRKNlbjo61Pp0n6gymdgv8=",
      "dependencies": {
        "lodash": "^4.17.14"
      }
    },
    "node_modules/basic-auth": {
      "version": "1.1.0",
      "resolved": "http://bnpm.byted.org/basic-auth/-/basic-auth-1.1.0.tgz",
      "integrity": "sha1-RSIe5Cn37h5QNb4/UVM/HN/SmIQ=",
      "engines": {
        "node": ">= 0.6"
      }
    },
    "node_modules/call-bind": {
      "version": "1.0.2",
      "resolved": "http://bnpm.byted.org/call-bind/-/call-bind-1.0.2.tgz",
      "integrity": "sha1-sdTonmiBGcPJqQOtMKuy9qkZvjw=",
      "dependencies": {
        "function-bind": "^1.1.1",
        "get-intrinsic": "^1.0.2"
      }
    },
    "node_modules/colors": {
      "version": "1.4.0",
      "resolved": "http://bnpm.byted.org/colors/-/colors-1.4.0.tgz",
      "integrity": "sha1-xQSRR51MG9rtLJztMs98fcI2D3g=",
      "engines": {
        "node": ">=0.1.90"
      }
    },
    "node_modules/corser": {
      "version": "2.0.1",
      "resolved": "http://bnpm.byted.org/corser/-/corser-2.0.1.tgz",
      "integrity": "sha1-jtolLsqrWEDc2XXOuQ2TcMgZ/4c=",
      "engines": {
        "node": ">= 0.4.0"
      }
    },
    "node_modules/debug": {
      "version": "3.2.7",
      "resolved": "http://bnpm.byted.org/debug/-/debug-3.2.7.tgz",
      "integrity": "sha1-clgLfpFF+zm2Z2+cXl+xALk0F5o=",
      "dependencies": {
        "ms": "^2.1.1"
      }
    },
    "node_modules/ecstatic": {
      "version": "3.3.2",
      "resolved": "http://bnpm.byted.org/ecstatic/-/ecstatic-3.3.2.tgz",
      "integrity": "sha1-bR3UmBTQBZRoLGUq22YHamnUbEg=",
      "dependencies": {
        "he": "^1.1.1",
        "mime": "^1.6.0",
        "minimist": "^1.1.0",
        "url-join": "^2.0.5"
      },
      "bin": {
        "ecstatic": "lib/ecstatic.js"
      }
    },
    "node_modules/eventemitter3": {
      "version": "4.0.7",
      "resolved": "http://bnpm.byted.org/eventemitter3/-/eventemitter3-4.0.7.tgz",
      "integrity": "sha1-Lem2j2Uo1WRO9cWVJqG0oHMGFp8="
    },
    "node_modules/follow-redirects": {
      "version": "1.14.1",
      "resolved": "http://bnpm.byted.org/follow-redirects/-/follow-redirects-1.14.1.tgz",
      "integrity": "sha1-2RFN7Qoc/dM04WTmZirQK/2R/0M=",
      "engines": {
        "node": ">=4.0"
      }
    },
    "node_modules/function-bind": {
      "version": "1.1.1",
      "resolved": "http://bnpm.byted.org/function-bind/-/function-bind-1.1.1.tgz",
      "integrity": "sha1-pWiZ0+o8m6uHS7l3O3xe3pL0iV0="
    },
    "node_modules/get-intrinsic": {
      "version": "1.1.1",
      "resolved": "http://bnpm.byted.org/get-intrinsic/-/get-intrinsic-1.1.1.tgz",
      "integrity": "sha1-FfWfN2+FXERpY5SPDSTNNje0q8Y=",
      "dependencies": {
        "function-bind": "^1.1.1",
        "has": "^1.0.3",
        "has-symbols": "^1.0.1"
      }
    },
    "node_modules/has": {
      "version": "1.0.3",
      "resolved": "http://bnpm.byted.org/has/-/has-1.0.3.tgz",
      "integrity": "sha1-ci18v8H2qoJB8W3YFOAR4fQeh5Y=",
      "dependencies": {
        "function-bind": "^1.1.1"
      },
      "engines": {
        "node": ">= 0.4.0"
      }
    },
    "node_modules/has-symbols": {
      "version": "1.0.2",
      "resolved": "http://bnpm.byted.org/has-symbols/-/has-symbols-1.0.2.tgz",
      "integrity": "sha1-Fl0wcMADCXUqEjakeTMeOsVvFCM=",
      "engines": {
        "node": ">= 0.4"
      }
    },
    "node_modules/he": {
      "version": "1.2.0",
      "resolved": "http://bnpm.byted.org/he/-/he-1.2.0.tgz",
      "integrity": "sha1-hK5l+n6vsWX922FWauFLrwVmTw8=",
      "bin": {
        "he": "bin/he"
      }
    },
    "node_modules/http-proxy": {
      "version": "1.18.1",
      "resolved": "http://bnpm.byted.org/http-proxy/-/http-proxy-1.18.1.tgz",
      "integrity": "sha1-QBVB8FNIhLv5UmAzTnL4juOXZUk=",
      "dependencies": {
        "eventemitter3": "^4.0.0",
        "follow-redirects": "^1.0.0",
        "requires-port": "^1.0.0"
      },
      "engines": {
        "node": ">=8.0.0"
      }
    },
    "node_modules/http-server": {
      "version": "0.12.3",
      "resolved": "http://bnpm.byted.org/http-server/-/http-server-0.12.3.tgz",
      "integrity": "sha1-ugRx0OzEJYhmFss1xPryeRQKDTc=",
      "dependencies": {
        "basic-auth": "^1.0.3",
        "colors": "^1.4.0",
        "corser": "^2.0.1",
        "ecstatic": "^3.3.2",
        "http-proxy": "^1.18.0",
        "minimist": "^1.2.5",
        "opener": "^1.5.1",
        "portfinder": "^1.0.25",
        "secure-compare": "3.0.1",
        "union": "~0.5.0"
      },
      "bin": {
        "hs": "bin/http-server",
        "http-server": "bin/http-server"
      },
      "engines": {
        "node": ">=6"
      }
    },
    "node_modules/lodash": {
      "version": "4.17.21",
      "resolved": "http://bnpm.byted.org/lodash/-/lodash-4.17.21.tgz",
      "integrity": "sha1-Z5WRxWTDv/quhFTPCz3zcMPWkRw="
    },
    "node_modules/mime": {
      "version": "1.6.0",
      "resolved": "http://bnpm.byted.org/mime/-/mime-1.6.0.tgz",
      "integrity": "sha1-Ms2eXGRVO9WNGaVor0Uqz/BJgbE=",
      "bin": {
        "mime": "cli.js"
      },
      "engines": {
        "node": ">=4"
      }
    },
    "node_modules/minimist": {
      "version": "1.2.5",
      "resolved": "http://bnpm.byted.org/minimist/-/minimist-1.2.5.tgz",
      "integrity": "sha1-Z9ZgFLZqaoqqDAg8X9WN9OTpdgI="
    },
    "node_modules/mkdirp": {
      "version": "0.5.5",
      "resolved": "http://bnpm.byted.org/mkdirp/-/mkdirp-0.5.5.tgz",
      "integrity": "sha1-2Rzv1i0UNsoPQWIOJRKI1CAJne8=",
      "dependencies": {
        "minimist": "^1.2.5"
      },
      "bin": {
        "mkdirp": "bin/cmd.js"
      }
    },
    "node_modules/ms": {
      "version": "2.1.3",
      "resolved": "http://bnpm.byted.org/ms/-/ms-2.1.3.tgz",
      "integrity": "sha1-V0yBOM4dK1hh8LRFedut1gxmFbI="
    },
    "node_modules/object-inspect": {
      "version": "1.10.3",
      "resolved": "http://bnpm.byted.org/object-inspect/-/object-inspect-1.10.3.tgz",
      "integrity": "sha1-wqp9LQn1DJk3VwT3oK3yTFeC02k="
    },
    "node_modules/opener": {
      "version": "1.5.2",
      "resolved": "http://bnpm.byted.org/opener/-/opener-1.5.2.tgz",
      "integrity": "sha1-XTfh81B3udysQwE3InGv3rKhNZg=",
      "bin": {
        "opener": "bin/opener-bin.js"
      }
    },
    "node_modules/portfinder": {
      "version": "1.0.28",
      "resolved": "http://bnpm.byted.org/portfinder/-/portfinder-1.0.28.tgz",
      "integrity": "sha1-Z8RiKFK9U3TdHdkA93n1NGL6x3g=",
      "dependencies": {
        "async": "^2.6.2",
        "debug": "^3.1.1",
        "mkdirp": "^0.5.5"
      },
      "engines": {
        "node": ">= 0.12.0"
      }
    },
    "node_modules/qs": {
      "version": "6.10.1",
      "resolved": "http://bnpm.byted.org/qs/-/qs-6.10.1.tgz",
      "integrity": "sha1-STFIL6jWR6Wqt5nFJx0hM7mB+2o=",
      "dependencies": {
        "side-channel": "^1.0.4"
      },
      "engines": {
        "node": ">=0.6"
      }
    },
    "node_modules/requires-port": {
      "version": "1.0.0",
      "resolved": "http://bnpm.byted.org/requires-port/-/requires-port-1.0.0.tgz",
      "integrity": "sha1-kl0mAdOaxIXgkc8NpcbmlNw9yv8="
    },
    "node_modules/secure-compare": {
      "version": "3.0.1",
      "resolved": "http://bnpm.byted.org/secure-compare/-/secure-compare-3.0.1.tgz",
      "integrity": "sha1-8aAymzCLIh+uN7mXTz1XjQypmeM="
    },
    "node_modules/side-channel": {
      "version": "1.0.4",
      "resolved": "http://bnpm.byted.org/side-channel/-/side-channel-1.0.4.tgz",
      "integrity": "sha1-785cj9wQTudRslxY1CkAEfpeos8=",
      "dependencies": {
        "call-bind": "^1.0.0",
        "get-intrinsic": "^1.0.2",
        "object-inspect": "^1.9.0"
      }
    },
    "node_modules/union": {
      "version": "0.5.0",
      "resolved": "http://bnpm.byted.org/union/-/union-0.5.0.tgz",
      "integrity": "sha1-ssEb6E9gU4U3uEbtuboma6AJAHU=",
      "dependencies": {
        "qs": "^6.4.0"
      },
      "engines": {
        "node": ">= 0.8.0"
      }
    },
    "node_modules/url-join": {
      "version": "2.0.5",
      "resolved": "http://bnpm.byted.org/url-join/-/url-join-2.0.5.tgz",
      "integrity": "sha1-WvIvGMBSoACkjXuCxenC4v7tpyg="
    }
  },
  "dependencies": {
    "async": {
      "version": "2.6.3",
      "resolved": "http://bnpm.byted.org/async/-/async-2.6.3.tgz",
      "integrity": "sha1-1yYl4jRKNlbjo61Pp0n6gymdgv8=",
      "requires": {
        "lodash": "^4.17.14"
      }
    },
    "basic-auth": {
      "version": "1.1.0",
      "resolved": "http://bnpm.byted.org/basic-auth/-/basic-auth-1.1.0.tgz",
      "integrity": "sha1-RSIe5Cn37h5QNb4/UVM/HN/SmIQ="
    },
    "call-bind": {
      "version": "1.0.2",
      "resolved": "http://bnpm.byted.org/call-bind/-/call-bind-1.0.2.tgz",
      "integrity": "sha1-sdTonmiBGcPJqQOtMKuy9qkZvjw=",
      "requires": {
        "function-bind": "^1.1.1",
        "get-intrinsic": "^1.0.2"
      }
    },
    "colors": {
      "version": "1.4.0",
      "resolved": "http://bnpm.byted.org/colors/-/colors-1.4.0.tgz",
      "integrity": "sha1-xQSRR51MG9rtLJztMs98fcI2D3g="
    },
    "corser": {
      "version": "2.0.1",
      "resolved": "http://bnpm.byted.org/corser/-/corser-2.0.1.tgz",
      "integrity": "sha1-jtolLsqrWEDc2XXOuQ2TcMgZ/4c="
    },
    "debug": {
      "version": "3.2.7",
      "resolved": "http://bnpm.byted.org/debug/-/debug-3.2.7.tgz",
      "integrity": "sha1-clgLfpFF+zm2Z2+cXl+xALk0F5o=",
      "requires": {
        "ms": "^2.1.1"
      }
    },
    "ecstatic": {
      "version": "3.3.2",
      "resolved": "http://bnpm.byted.org/ecstatic/-/ecstatic-3.3.2.tgz",
      "integrity": "sha1-bR3UmBTQBZRoLGUq22YHamnUbEg=",
      "requires": {
        "he": "^1.1.1",
        "mime": "^1.6.0",
        "minimist": "^1.1.0",
        "url-join": "^2.0.5"
      }
    },
    "eventemitter3": {
      "version": "4.0.7",
      "resolved": "http://bnpm.byted.org/eventemitter3/-/eventemitter3-4.0.7.tgz",
      "integrity": "sha1-Lem2j2Uo1WRO9cWVJqG0oHMGFp8="
    },
    "follow-redirects": {
      "version": "1.14.1",
      "resolved": "http://bnpm.byted.org/follow-redirects/-/follow-redirects-1.14.1.tgz",
      "integrity": "sha1-2RFN7Qoc/dM04WTmZirQK/2R/0M="
    },
    "function-bind": {
      "version": "1.1.1",
      "resolved": "http://bnpm.byted.org/function-bind/-/function-bind-1.1.1.tgz",
      "integrity": "sha1-pWiZ0+o8m6uHS7l3O3xe3pL0iV0="
    },
    "get-intrinsic": {
      "version": "1.1.1",
      "resolved": "http://bnpm.byted.org/get-intrinsic/-/get-intrinsic-1.1.1.tgz",
      "integrity": "sha1-FfWfN2+FXERpY5SPDSTNNje0q8Y=",
      "requires": {
        "function-bind": "^1.1.1",
        "has": "^1.0.3",
        "has-symbols": "^1.0.1"
      }
    },
    "has": {
      "version": "1.0.3",
      "resolved": "http://bnpm.byted.org/has/-/has-1.0.3.tgz",
      "integrity": "sha1-ci18v8H2qoJB8W3YFOAR4fQeh5Y=",
      "requires": {
        "function-bind": "^1.1.1"
      }
    },
    "has-symbols": {
      "version": "1.0.2",
      "resolved": "http://bnpm.byted.org/has-symbols/-/has-symbols-1.0.2.tgz",
      "integrity": "sha1-Fl0wcMADCXUqEjakeTMeOsVvFCM="
    },
    "he": {
      "version": "1.2.0",
      "resolved": "http://bnpm.byted.org/he/-/he-1.2.0.tgz",
      "integrity": "sha1-hK5l+n6vsWX922FWauFLrwVmTw8="
    },
    "http-proxy": {
      "version": "1.18.1",
      "resolved": "http://bnpm.byted.org/http-proxy/-/http-proxy-1.18.1.tgz",
      "integrity": "sha1-QBVB8FNIhLv5UmAzTnL4juOXZUk=",
      "requires": {
        "eventemitter3": "^4.0.0",
        "follow-redirects": "^1.0.0",
        "requires-port": "^1.0.0"
      }
    },
    "http-server": {
      "version": "0.12.3",
      "resolved": "http://bnpm.byted.org/http-server/-/http-server-0.12.3.tgz",
      "integrity": "sha1-ugRx0OzEJYhmFss1xPryeRQKDTc=",
      "requires": {
        "basic-auth": "^1.0.3",
        "colors": "^1.4.0",
        "corser": "^2.0.1",
        "ecstatic": "^3.3.2",
        "http-proxy": "^1.18.0",
        "minimist": "^1.2.5",
        "opener": "^1.5.1",
        "portfinder": "^1.0.25",
        "secure-compare": "3.0.1",
        "union": "~0.5.0"
      }
    },
    "lodash": {
      "version": "4.17.21",
      "resolved": "http://bnpm.byted.org/lodash/-/lodash-4.17.21.tgz",
      "integrity": "sha1-Z5WRxWTDv/quhFTPCz3zcMPWkRw="
    },
    "mime": {
      "version": "1.6.0",
      "resolved": "http://bnpm.byted.org/mime/-/mime-1.6.0.tgz",
      "integrity": "sha1-Ms2eXGRVO9WNGaVor0Uqz/BJgbE="
    },
    "minimist": {
      "version": "1.2.5",
      "resolved": "http://bnpm.byted.org/minimist/-/minimist-1.2.5.tgz",
      "integrity": "sha1-Z9ZgFLZqaoqqDAg8X9WN9OTpdgI="
    },
    "mkdirp": {
      "version": "0.5.5",
      "resolved": "http://bnpm.byted.org/mkdirp/-/mkdirp-0.5.5.tgz",
      "integrity": "sha1-2Rzv1i0UNsoPQWIOJRKI1CAJne8=",
      "requires": {
        "minimist": "^1.2.5"
      }
    },
    "ms": {
      "version": "2.1.3",
      "resolved": "http://bnpm.byted.org/ms/-/ms-2.1.3.tgz",
      "integrity": "sha1-V0yBOM4dK1hh8LRFedut1gxmFbI="
    },
    "object-inspect": {
      "version": "1.10.3",
      "resolved": "http://bnpm.byted.org/object-inspect/-/object-inspect-1.10.3.tgz",
      "integrity": "sha1-wqp9LQn1DJk3VwT3oK3yTFeC02k="
    },
    "opener": {
      "version": "1.5.2",
      "resolved": "http://bnpm.byted.org/opener/-/opener-1.5.2.tgz",
      "integrity": "sha1-XTfh81B3udysQwE3InGv3rKhNZg="
    },
    "portfinder": {
      "version": "1.0.28",
      "resolved": "http://bnpm.byted.org/portfinder/-/portfinder-1.0.28.tgz",
      "integrity": "sha1-Z8RiKFK9U3TdHdkA93n1NGL6x3g=",
      "requires": {
        "async": "^2.6.2",
        "debug": "^3.1.1",
        "mkdirp": "^0.5.5"
      }
    },
    "qs": {
      "version": "6.10.1",
      "resolved": "http://bnpm.byted.org/qs/-/qs-6.10.1.tgz",
      "integrity": "sha1-STFIL6jWR6Wqt5nFJx0hM7mB+2o=",
      "requires": {
        "side-channel": "^1.0.4"
      }
    },
    "requires-port": {
      "version": "1.0.0",
      "resolved": "http://bnpm.byted.org/requires-port/-/requires-port-1.0.0.tgz",
      "integrity": "sha1-kl0mAdOaxIXgkc8NpcbmlNw9yv8="
    },
    "secure-compare": {
      "version": "3.0.1",
      "resolved": "http://bnpm.byted.org/secure-compare/-/secure-compare-3.0.1.tgz",
      "integrity": "sha1-8aAymzCLIh+uN7mXTz1XjQypmeM="
    },
    "side-channel": {
      "version": "1.0.4",
      "resolved": "http://bnpm.byted.org/side-channel/-/side-channel-1.0.4.tgz",
      "integrity": "sha1-785cj9wQTudRslxY1CkAEfpeos8=",
      "requires": {
        "call-bind": "^1.0.0",
        "get-intrinsic": "^1.0.2",
        "object-inspect": "^1.9.0"
      }
    },
    "union": {
      "version": "0.5.0",
      "resolved": "http://bnpm.byted.org/union/-/union-0.5.0.tgz",
      "integrity": "sha1-ssEb6E9gU4U3uEbtuboma6AJAHU=",
      "requires": {
        "qs": "^6.4.0"
      }
    },
    "url-join": {
      "version": "2.0.5",
      "resolved": "http://bnpm.byted.org/url-join/-/url-join-2.0.5.tgz",
      "integrity": "sha1-WvIvGMBSoACkjXuCxenC4v7tpyg="
    }
  }
}
